{
  "name": "lattice",
  "version": "0.1.0-alpha.0",
  "lockfileVersion": 3,
  "requires": true,
  "packages": {
    "": {
      "name": "lattice",
      "version": "0.1.0-alpha.0",
      "workspaces": [
        "packages/contracts",
        "packages/opcore",
        "packages/cli",
        "packages/graph",
        "packages/edit",
        "packages/validation",
        "packages/validation-rust",
        "packages/validation-typescript",
        "packages/asp-provider",
        "packages/fixtures"
      ],
      "devDependencies": {
        "typescript": "^5.9.3"
      },
      "engines": {
        "node": ">=22"
      },
      "optionalDependencies": {
        "@the-open-engine/opcore-graph-core-darwin-arm64": "file:packages/opcore-graph-core-darwin-arm64",
        "@the-open-engine/opcore-graph-core-darwin-x64": "file:packages/opcore-graph-core-darwin-x64",
        "@the-open-engine/opcore-graph-core-linux-x64": "file:packages/opcore-graph-core-linux-x64"
      }
    },
    "node_modules/@the-open-engine/lattice-cli": {
      "resolved": "packages/cli",
      "link": true
    },
    "node_modules/@the-open-engine/lattice-contracts": {
      "resolved": "packages/contracts",
      "link": true
    },
    "node_modules/@the-open-engine/lattice-edit": {
      "resolved": "packages/edit",
      "link": true
    },
    "node_modules/@the-open-engine/lattice-fixtures": {
      "resolved": "packages/fixtures",
      "link": true
    },
    "node_modules/@the-open-engine/lattice-graph": {
      "resolved": "packages/graph",
      "link": true
    },
    "node_modules/@the-open-engine/lattice-validation": {
      "resolved": "packages/validation",
      "link": true
    },
    "node_modules/@the-open-engine/lattice-validation-rust": {
      "resolved": "packages/validation-rust",
      "link": true
    },
    "node_modules/@the-open-engine/lattice-validation-typescript": {
      "resolved": "packages/validation-typescript",
      "link": true
    },
    "node_modules/@the-open-engine/opcore": {
      "resolved": "packages/opcore",
      "link": true
    },
    "node_modules/@the-open-engine/opcore-asp-provider": {
      "resolved": "packages/asp-provider",
      "link": true
    },
    "node_modules/@the-open-engine/opcore-graph-core-darwin-arm64": {
      "resolved": "packages/opcore-graph-core-darwin-arm64",
      "link": true
    },
    "node_modules/@the-open-engine/opcore-graph-core-darwin-x64": {
      "resolved": "packages/opcore-graph-core-darwin-x64",
      "link": true
    },
    "node_modules/@the-open-engine/opcore-graph-core-linux-x64": {
      "resolved": "packages/opcore-graph-core-linux-x64",
      "link": true
    },
    "node_modules/@ts-morph/common": {
      "version": "0.29.0",
      "resolved": "https://registry.npmjs.org/@ts-morph/common/-/common-0.29.0.tgz",
      "integrity": "sha512-35oUmphHbJvQ/+UTwFNme/t2p3FoKiGJ5auTjjpNTop2dyREspirjMy82PLSC1pnDJ8ah1GU98hwpVt64YXQsg==",
      "license": "MIT",
      "dependencies": {
        "minimatch": "^10.0.1",
        "path-browserify": "^1.0.1",
        "tinyglobby": "^0.2.14"
      }
    },
    "node_modules/balanced-match": {
      "version": "4.0.4",
      "resolved": "https://registry.npmjs.org/balanced-match/-/balanced-match-4.0.4.tgz",
      "integrity": "sha512-BLrgEcRTwX2o6gGxGOCNyMvGSp35YofuYzw9h1IMTRmKqttAZZVU67bdb9Pr2vUHA8+j3i2tJfjO6C6+4myGTA==",
      "license": "MIT",
      "engines": {
        "node": "18 || 20 || >=22"
      }
    },
    "node_modules/brace-expansion": {
      "version": "5.0.6",
      "resolved": "https://registry.npmjs.org/brace-expansion/-/brace-expansion-5.0.6.tgz",
      "integrity": "sha512-kLpxurY4Z4r9sgMsyG0Z9uzsBlgiU/EFKhj/h91/8yHu0edo7XuixOIH3VcJ8kkxs6/jPzoI6U9Vj3WqbMQ94g==",
      "license": "MIT",
      "dependencies": {
        "balanced-match": "^4.0.2"
      },
      "engines": {
        "node": "18 || 20 || >=22"
      }
    },
    "node_modules/code-block-writer": {
      "version": "13.0.3",
      "resolved": "https://registry.npmjs.org/code-block-writer/-/code-block-writer-13.0.3.tgz",
      "integrity": "sha512-Oofo0pq3IKnsFtuHqSF7TqBfr71aeyZDVJ0HpmqB7FBM2qEigL0iPONSCZSO9pE9dZTAxANe5XHG9Uy0YMv8cg==",
      "license": "MIT"
    },
    "node_modules/fdir": {
      "version": "6.5.0",
      "resolved": "https://registry.npmjs.org/fdir/-/fdir-6.5.0.tgz",
      "integrity": "sha512-tIbYtZbucOs0BRGqPJkshJUYdL+SDH7dVM8gjy+ERp3WAUjLEFJE+02kanyHtwjWOnwrKYBiwAmM0p4kLJAnXg==",
      "license": "MIT",
      "engines": {
        "node": ">=12.0.0"
      },
      "peerDependencies": {
        "picomatch": "^3 || ^4"
      },
      "peerDependenciesMeta": {
        "picomatch": {
          "optional": true
        }
      }
    },
    "node_modules/minimatch": {
      "version": "10.2.5",
      "resolved": "https://registry.npmjs.org/minimatch/-/minimatch-10.2.5.tgz",
      "integrity": "sha512-MULkVLfKGYDFYejP07QOurDLLQpcjk7Fw+7jXS2R2czRQzR56yHRveU5NDJEOviH+hETZKSkIk5c+T23GjFUMg==",
      "license": "BlueOak-1.0.0",
      "dependencies": {
        "brace-expansion": "^5.0.5"
      },
      "engines": {
        "node": "18 || 20 || >=22"
      },
      "funding": {
        "url": "https://github.com/sponsors/isaacs"
      }
    },
    "node_modules/path-browserify": {
      "version": "1.0.1",
      "resolved": "https://registry.npmjs.org/path-browserify/-/path-browserify-1.0.1.tgz",
      "integrity": "sha512-b7uo2UCUOYZcnF/3ID0lulOJi/bafxa1xPe7ZPsammBSpjSWQkjNxlt635YGS2MiR9GjvuXCtz2emr3jbsz98g==",
      "license": "MIT"
    },
    "node_modules/picomatch": {
      "version": "4.0.4",
      "resolved": "https://registry.npmjs.org/picomatch/-/picomatch-4.0.4.tgz",
      "integrity": "sha512-QP88BAKvMam/3NxH6vj2o21R6MjxZUAd6nlwAS/pnGvN9IVLocLHxGYIzFhg6fUQ+5th6P4dv4eW9jX3DSIj7A==",
      "license": "MIT",
      "engines": {
        "node": ">=12"
      },
      "funding": {
        "url": "https://github.com/sponsors/jonschlinkert"
      }
    },
    "node_modules/tinyglobby": {
      "version": "0.2.17",
      "resolved": "https://registry.npmjs.org/tinyglobby/-/tinyglobby-0.2.17.tgz",
      "integrity": "sha512-wXR/dYpcqKmfWpEdZjiKJOwCNFndD0DMnrW/cYjVGttEkBfVgcLFHoNrlj47mjOVic9yyNu65alsgF4NQyTa2g==",
      "license": "MIT",
      "dependencies": {
        "fdir": "^6.5.0",
        "picomatch": "^4.0.4"
      },
      "engines": {
        "node": ">=12.0.0"
      },
      "funding": {
        "url": "https://github.com/sponsors/SuperchupuDev"
      }
    },
    "node_modules/ts-morph": {
      "version": "28.0.0",
      "resolved": "https://registry.npmjs.org/ts-morph/-/ts-morph-28.0.0.tgz",
      "integrity": "sha512-Wp3tnZ2bzwxyTZMtgWVzXDfm7lB1Drz+y9DmmYH/L702PQhPyVrp3pkou3yIz4qjS14GY9kcpmLiOOMvl8oG1g==",
      "license": "MIT",
      "dependencies": {
        "@ts-morph/common": "~0.29.0",
        "code-block-writer": "^13.0.3"
      }
    },
    "node_modules/typescript": {
      "version": "5.9.3",
      "license": "Apache-2.0",
      "bin": {
        "tsc": "bin/tsc",
        "tsserver": "bin/tsserver"
      },
      "engines": {
        "node": ">=14.17"
      }
    },
    "packages/asp-provider": {
      "name": "@the-open-engine/opcore-asp-provider",
      "version": "0.1.0-alpha.0",
      "license": "MIT",
      "dependencies": {
        "@the-open-engine/lattice-contracts": "0.1.0-alpha.0",
        "@the-open-engine/lattice-graph": "0.1.0-alpha.0",
        "@the-open-engine/lattice-validation": "0.1.0-alpha.0",
        "@the-open-engine/lattice-validation-rust": "0.1.0-alpha.0",
        "@the-open-engine/lattice-validation-typescript": "0.1.0-alpha.0"
      },
      "bin": {
        "opcore-asp-provider": "dist/index.js"
      },
      "engines": {
        "node": ">=22"
      }
    },
    "packages/cli": {
      "name": "@the-open-engine/lattice-cli",
      "version": "0.1.0-alpha.0",
      "license": "MIT",
      "dependencies": {
        "@the-open-engine/lattice-contracts": "0.1.0-alpha.0",
        "@the-open-engine/lattice-edit": "0.1.0-alpha.0",
        "@the-open-engine/lattice-graph": "0.1.0-alpha.0",
        "@the-open-engine/lattice-validation": "0.1.0-alpha.0",
        "@the-open-engine/lattice-validation-rust": "0.1.0-alpha.0",
        "@the-open-engine/lattice-validation-typescript": "0.1.0-alpha.0",
        "ts-morph": "^28.0.0"
      },
      "bin": {
        "lattice": "dist/index.js"
      },
      "engines": {
        "node": ">=22"
      }
    },
    "packages/contracts": {
      "name": "@the-open-engine/lattice-contracts",
      "version": "0.1.0-alpha.0",
      "license": "MIT",
      "engines": {
        "node": ">=22"
      }
    },
    "packages/edit": {
      "name": "@the-open-engine/lattice-edit",
      "version": "0.1.0-alpha.0",
      "license": "MIT",
      "dependencies": {
        "@the-open-engine/lattice-contracts": "0.1.0-alpha.0",
        "ts-morph": "^28.0.0"
      },
      "engines": {
        "node": ">=22"
      }
    },
    "packages/fixtures": {
      "name": "@the-open-engine/lattice-fixtures",
      "version": "0.1.0-alpha.0",
      "license": "MIT",
      "engines": {
        "node": ">=22"
      }
    },
    "packages/graph": {
      "name": "@the-open-engine/lattice-graph",
      "version": "0.1.0-alpha.0",
      "license": "MIT",
      "dependencies": {
        "@the-open-engine/lattice-contracts": "0.1.0-alpha.0"
      },
      "engines": {
        "node": ">=22"
      },
      "optionalDependencies": {
        "@the-open-engine/opcore-graph-core-darwin-arm64": "0.1.0-alpha.0",
        "@the-open-engine/opcore-graph-core-darwin-x64": "0.1.0-alpha.0",
        "@the-open-engine/opcore-graph-core-linux-x64": "0.1.0-alpha.0"
      }
    },
    "packages/opcore": {
      "name": "@the-open-engine/opcore",
      "version": "0.1.0-alpha.0",
      "license": "MIT",
      "dependencies": {
        "@the-open-engine/lattice-contracts": "0.1.0-alpha.0",
        "@the-open-engine/lattice-graph": "0.1.0-alpha.0",
        "@the-open-engine/lattice-validation": "0.1.0-alpha.0",
        "@the-open-engine/lattice-validation-rust": "0.1.0-alpha.0",
        "@the-open-engine/lattice-validation-typescript": "0.1.0-alpha.0"
      },
      "bin": {
        "opcore": "dist/index.js"
      },
      "engines": {
        "node": ">=22"
      }
    },
    "packages/opcore-graph-core-darwin-arm64": {
      "name": "@the-open-engine/opcore-graph-core-darwin-arm64",
      "version": "0.1.0-alpha.0",
      "cpu": [
        "arm64"
      ],
      "license": "MIT",
      "optional": true,
      "os": [
        "darwin"
      ]
    },
    "packages/opcore-graph-core-darwin-x64": {
      "name": "@the-open-engine/opcore-graph-core-darwin-x64",
      "version": "0.1.0-alpha.0",
      "cpu": [
        "x64"
      ],
      "license": "MIT",
      "optional": true,
      "os": [
        "darwin"
      ]
    },
    "packages/opcore-graph-core-linux-x64": {
      "name": "@the-open-engine/opcore-graph-core-linux-x64",
      "version": "0.1.0-alpha.0",
      "cpu": [
        "x64"
      ],
      "license": "MIT",
      "optional": true,
      "os": [
        "linux"
      ]
    },
    "packages/validation": {
      "name": "@the-open-engine/lattice-validation",
      "version": "0.1.0-alpha.0",
      "license": "MIT",
      "dependencies": {
        "@the-open-engine/lattice-contracts": "0.1.0-alpha.0"
      },
      "engines": {
        "node": ">=22"
      }
    },
    "packages/validation-rust": {
      "name": "@the-open-engine/lattice-validation-rust",
      "version": "0.1.0-alpha.0",
      "license": "MIT",
      "dependencies": {
        "@the-open-engine/lattice-contracts": "0.1.0-alpha.0",
        "@the-open-engine/lattice-validation": "0.1.0-alpha.0"
      },
      "engines": {
        "node": ">=22"
      }
    },
    "packages/validation-typescript": {
      "name": "@the-open-engine/lattice-validation-typescript",
      "version": "0.1.0-alpha.0",
      "license": "MIT",
      "dependencies": {
        "@the-open-engine/lattice-contracts": "0.1.0-alpha.0",
        "@the-open-engine/lattice-validation": "0.1.0-alpha.0",
        "typescript": "^5.9.3"
      },
      "engines": {
        "node": ">=22"
      }
    }
  }
}
